
Microsoft Visual Studio Solution File, Format Version 12.00
Project("{9A19103F-16F7-4668-BE54-9A1E7A4F7556}") = "EasySave", "EasySave\EasySave.csproj", "{4BCA0225-EAA4-4ED7-9EFB-E6A573502732}"
EndProject
Project("{FAE04EC0-301F-11D3-BF4B-00C04F79EFBC}") = "EasySaveGraphic", "EasySaveGraphic\EasySaveGraphic.csproj", "{709AD984-74DA-4081-8EB4-BAB77265E359}"
EndProject
Project("{FAE04EC0-301F-11D3-BF4B-00C04F79EFBC}") = "CryptoSoft", "CryptoSoft\CryptoSoft.csproj", "{A5BF5C82-6375-4A20-8ADA-B770F7B5F5EB}"
EndProject
Project("{FAE04EC0-301F-11D3-BF4B-00C04F79EFBC}") = "EasySaveNet", "EasySaveNet\EasySaveNet.csproj", "{E85D2A8C-1575-4B6B-8B8B-A31CC425148B}"
EndProject
Global
	GlobalSection(SolutionConfigurationPlatforms) = preSolution
		Debug|Any CPU = Debug|Any CPU
		Release|Any CPU = Release|Any CPU
	EndGlobalSection
	GlobalSection(ProjectConfigurationPlatforms) = postSolution
		{4BCA0225-EAA4-4ED7-9EFB-E6A573502732}.Debug|Any CPU.ActiveCfg = Debug|Any CPU
		{4BCA0225-EAA4-4ED7-9EFB-E6A573502732}.Debug|Any CPU.Build.0 = Debug|Any CPU
		{4BCA0225-EAA4-4ED7-9EFB-E6A573502732}.Release|Any CPU.ActiveCfg = Release|Any CPU
		{4BCA0225-EAA4-4ED7-9EFB-E6A573502732}.Release|Any CPU.Build.0 = Release|Any CPU
		{A5BF5C82-6375-4A20-8ADA-B770F7B5F5EB}.Debug|Any CPU.ActiveCfg = Debug|Any CPU
		{A5BF5C82-6375-4A20-8ADA-B770F7B5F5EB}.Debug|Any CPU.Build.0 = Debug|Any CPU
		{A5BF5C82-6375-4A20-8ADA-B770F7B5F5EB}.Release|Any CPU.ActiveCfg = Release|Any CPU
		{A5BF5C82-6375-4A20-8ADA-B770F7B5F5EB}.Release|Any CPU.Build.0 = Release|Any CPU
		{709AD984-74DA-4081-8EB4-BAB77265E359}.Debug|Any CPU.ActiveCfg = Debug|Any CPU
		{709AD984-74DA-4081-8EB4-BAB77265E359}.Debug|Any CPU.Build.0 = Debug|Any CPU
		{709AD984-74DA-4081-8EB4-BAB77265E359}.Release|Any CPU.ActiveCfg = Release|Any CPU
		{709AD984-74DA-4081-8EB4-BAB77265E359}.Release|Any CPU.Build.0 = Release|Any CPU
		{E85D2A8C-1575-4B6B-8B8B-A31CC425148B}.Debug|Any CPU.ActiveCfg = Debug|Any CPU
		{E85D2A8C-1575-4B6B-8B8B-A31CC425148B}.Debug|Any CPU.Build.0 = Debug|Any CPU
		{E85D2A8C-1575-4B6B-8B8B-A31CC425148B}.Release|Any CPU.ActiveCfg = Release|Any CPU
		{E85D2A8C-1575-4B6B-8B8B-A31CC425148B}.Release|Any CPU.Build.0 = Release|Any CPU
	EndGlobalSection
	GlobalSection(SolutionProperties) = preSolution
		HideSolutionNode = FALSE
	EndGlobalSection
	GlobalSection(ExtensibilityGlobals) = postSolution
		SolutionGuid = {5C7B5475-004A-44AC-8D94-2C69B17E51D0}
	EndGlobalSection
EndGlobal
